{
  "name": "trpc",
  "version": "1.0.0",
  "lockfileVersion": 3,
  "requires": true,
  "packages": {
    "": {
      "name": "trpc",
      "version": "1.0.0",
      "license": "ISC",
      "dependencies": {
        "@trpc/client": "^11.4.3",
        "@trpc/server": "^11.4.3",
        "zod": "^4.0.5"
      }
    },
    "node_modules/@trpc/client": {
      "version": "11.4.3",
      "resolved": "https://registry.npmjs.org/@trpc/client/-/client-11.4.3.tgz",
      "integrity": "sha512-i2suttUCfColktXT8bqex5kHW5jpT15nwUh0hGSDiW1keN621kSUQKcLJ095blqQAUgB+lsmgSqSMmB4L9shQQ==",
      "funding": [
        "https://trpc.io/sponsor"
      ],
      "license": "MIT",
      "peerDependencies": {
        "@trpc/server": "11.4.3",
        "typescript": ">=5.7.2"
      }
    },
    "node_modules/@trpc/server": {
      "version": "11.4.3",
      "resolved": "https://registry.npmjs.org/@trpc/server/-/server-11.4.3.tgz",
      "integrity": "sha512-wnWq3wiLlMOlYkaIZz+qbuYA5udPTLS4GVVRyFkr6aT83xpdCHyVtURT+u4hSoIrOXQM9OPCNXSXsAujWZDdaw==",
      "funding": [
        "https://trpc.io/sponsor"
      ],
      "license": "MIT",
      "peerDependencies": {
        "typescript": ">=5.7.2"
      }
    },
    "node_modules/typescript": {
      "version": "5.8.3",
      "resolved": "https://registry.npmjs.org/typescript/-/typescript-5.8.3.tgz",
      "integrity": "sha512-p1diW6TqL9L07nNxvRMM7hMMw4c5XOo/1ibL4aAIGmSAt9slTE1Xgw5KWuof2uTOvCg9BY7ZRi+GaF+7sfgPeQ==",
      "license": "Apache-2.0",
      "peer": true,
      "bin": {
        "tsc": "bin/tsc",
        "tsserver": "bin/tsserver"
      },
      "engines": {
        "node": ">=14.17"
      }
    },
    "node_modules/zod": {
      "version": "4.0.5",
      "resolved": "https://registry.npmjs.org/zod/-/zod-4.0.5.tgz",
      "integrity": "sha512-/5UuuRPStvHXu7RS+gmvRf4NXrNxpSllGwDnCBcJZtQsKrviYXm54yDGV2KYNLT5kq0lHGcl7lqWJLgSaG+tgA==",
      "license": "MIT",
      "funding": {
        "url": "https://github.com/sponsors/colinhacks"
      }
    }
  }
}
